
Microsoft Visual Studio Solution File, Format Version 12.00
# Visual Studio Version 16
VisualStudioVersion = 16.0.30523.141
MinimumVisualStudioVersion = 10.0.40219.1
Project("{8BC9CEB8-8B4A-11D0-8D11-00A0C91BC942}") = "LP_Lab04", "LP_Lab04\LP_Lab04.vcxproj", "{FF75178B-88A0-41EA-835F-21BB247203DB}"
EndProject
Global
	GlobalSection(SolutionConfigurationPlatforms) = preSolution
		Debug|x64 = Debug|x64
		Debug|x86 = Debug|x86
		Release|x64 = Release|x64
		Release|x86 = Release|x86
	EndGlobalSection
	GlobalSection(ProjectConfigurationPlatforms) = postSolution
		{FF75178B-88A0-41EA-835F-21BB247203DB}.Debug|x64.ActiveCfg = Debug|x64
		{FF75178B-88A0-41EA-835F-21BB247203DB}.Debug|x64.Build.0 = Debug|x64
		{FF75178B-88A0-41EA-835F-21BB247203DB}.Debug|x86.ActiveCfg = Debug|Win32
		{FF75178B-88A0-41EA-835F-21BB247203DB}.Debug|x86.Build.0 = Debug|Win32
		{FF75178B-88A0-41EA-835F-21BB247203DB}.Release|x64.ActiveCfg = Release|x64
		{FF75178B-88A0-41EA-835F-21BB247203DB}.Release|x64.Build.0 = Release|x64
		{FF75178B-88A0-41EA-835F-21BB247203DB}.Release|x86.ActiveCfg = Release|Win32
		{FF75178B-88A0-41EA-835F-21BB247203DB}.Release|x86.Build.0 = Release|Win32
	EndGlobalSection
	GlobalSection(SolutionProperties) = preSolution
		HideSolutionNode = FALSE
	EndGlobalSection
	GlobalSection(ExtensibilityGlobals) = postSolution
		SolutionGuid = {C9F7EF42-BCA1-4DA9-9FA5-6B9C9A994644}
	EndGlobalSection
EndGlobal
